# This file was autogenerated by Stack.
# You should not edit this file by hand.
# For more information, please see the documentation at:
#   https://docs.haskellstack.org/en/stable/lock_files

packages: []
snapshots:
- completed:
    size: 397477
    url: https://raw.githubusercontent.com/commercialhaskell/stackage-snapshots/master/nightly/2019/10/10.yaml
    sha256: a9ecedf3b5394aad33313da80bd0eba6276498685c5dae28da24e77859b8de73
  original: nightly-2019-10-10
